
Microsoft Visual Studio Solution File, Format Version 11.00
# Visual Studio 2010
Project("{FAE04EC0-301F-11D3-BF4B-00C04F79EFBC}") = "regexx", "regexx\regexx.csproj", "{26C6352F-B42A-49B0-9380-651A4F9F1909}"
EndProject
Global
	GlobalSection(SolutionConfigurationPlatforms) = preSolution
		Debug|x86 = Debug|x86
		Release|x86 = Release|x86
	EndGlobalSection
	GlobalSection(ProjectConfigurationPlatforms) = postSolution
		{26C6352F-B42A-49B0-9380-651A4F9F1909}.Debug|x86.ActiveCfg = Debug|x86
		{26C6352F-B42A-49B0-9380-651A4F9F1909}.Debug|x86.Build.0 = Debug|x86
		{26C6352F-B42A-49B0-9380-651A4F9F1909}.Release|x86.ActiveCfg = Release|x86
		{26C6352F-B42A-49B0-9380-651A4F9F1909}.Release|x86.Build.0 = Release|x86
	EndGlobalSection
	GlobalSection(SolutionProperties) = preSolution
		HideSolutionNode = FALSE
	EndGlobalSection
EndGlobal
